Microsoft Visual Studio Solution File, Format Version 12.00
# Visual Studio Version 16
VisualStudioVersion = 16.0.30320.27
MinimumVisualStudioVersion = 10.0.40219.1
Project("{FAE04EC0-301F-11D3-BF4B-00C04F79EFBC}") = "Movease", "Movease\Movease.csproj", "{04B4845E-2955-4F6D-8A3E-0C43812D666D}"
EndProject
Project("{FAE04EC0-301F-11D3-BF4B-00C04F79EFBC}") = "Movease.Service", "Movease.Service\Movease.Service.csproj", "{EEF4B9F1-0BAD-4976-A8A7-1E349B84FC6F}"
EndProject
Project("{FAE04EC0-301F-11D3-BF4B-00C04F79EFBC}") = "Movease.Models", "Movease.Models\Movease.Models.csproj", "{A7E55D55-77ED-43C5-BD3F-04A6F176B4A5}"
EndProject
Project("{FAE04EC0-301F-11D3-BF4B-00C04F79EFBC}") = "Movease.Data", "Movease.Data\Movease.Data.csproj", "{9079F50A-1DCD-41C3-9647-E3C910806032}"
EndProject
Global
	GlobalSection(SolutionConfigurationPlatforms) = preSolution
		Debug|Any CPU = Debug|Any CPU
		Release|Any CPU = Release|Any CPU
	EndGlobalSection
	GlobalSection(ProjectConfigurationPlatforms) = postSolution
		{04B4845E-2955-4F6D-8A3E-0C43812D666D}.Debug|Any CPU.ActiveCfg = Debug|Any CPU
		{04B4845E-2955-4F6D-8A3E-0C43812D666D}.Debug|Any CPU.Build.0 = Debug|Any CPU
		{04B4845E-2955-4F6D-8A3E-0C43812D666D}.Release|Any CPU.ActiveCfg = Release|Any CPU
		{04B4845E-2955-4F6D-8A3E-0C43812D666D}.Release|Any CPU.Build.0 = Release|Any CPU
		{EEF4B9F1-0BAD-4976-A8A7-1E349B84FC6F}.Debug|Any CPU.ActiveCfg = Debug|Any CPU
		{EEF4B9F1-0BAD-4976-A8A7-1E349B84FC6F}.Debug|Any CPU.Build.0 = Debug|Any CPU
		{EEF4B9F1-0BAD-4976-A8A7-1E349B84FC6F}.Release|Any CPU.ActiveCfg = Release|Any CPU
		{EEF4B9F1-0BAD-4976-A8A7-1E349B84FC6F}.Release|Any CPU.Build.0 = Release|Any CPU
		{A7E55D55-77ED-43C5-BD3F-04A6F176B4A5}.Debug|Any CPU.ActiveCfg = Debug|Any CPU
		{A7E55D55-77ED-43C5-BD3F-04A6F176B4A5}.Debug|Any CPU.Build.0 = Debug|Any CPU
		{A7E55D55-77ED-43C5-BD3F-04A6F176B4A5}.Release|Any CPU.ActiveCfg = Release|Any CPU
		{A7E55D55-77ED-43C5-BD3F-04A6F176B4A5}.Release|Any CPU.Build.0 = Release|Any CPU
		{9079F50A-1DCD-41C3-9647-E3C910806032}.Debug|Any CPU.ActiveCfg = Debug|Any CPU
		{9079F50A-1DCD-41C3-9647-E3C910806032}.Debug|Any CPU.Build.0 = Debug|Any CPU
		{9079F50A-1DCD-41C3-9647-E3C910806032}.Release|Any CPU.ActiveCfg = Release|Any CPU
		{9079F50A-1DCD-41C3-9647-E3C910806032}.Release|Any CPU.Build.0 = Release|Any CPU
	EndGlobalSection
	GlobalSection(SolutionProperties) = preSolution
		HideSolutionNode = FALSE
	EndGlobalSection
	GlobalSection(ExtensibilityGlobals) = postSolution
		SolutionGuid = {057F7918-8240-475B-B0B5-28DD824A5B63}
	EndGlobalSection
EndGlobal
